
Microsoft Visual Studio Solution File, Format Version 12.00
# Visual Studio Version 16
VisualStudioVersion = 16.0.30711.63
MinimumVisualStudioVersion = 10.0.40219.1
Project("{FAE04EC0-301F-11D3-BF4B-00C04F79EFBC}") = "lab9", "lab9\lab9.csproj", "{2CAEC32E-CAA6-4838-8D3D-E1F8110887CC}"
EndProject
Project("{FAE04EC0-301F-11D3-BF4B-00C04F79EFBC}") = "UnitTestProject", "UnitTestProject\UnitTestProject.csproj", "{5AE0E616-E979-4B66-B2D7-9E025DC8F1B2}"
EndProject
Project("{FAE04EC0-301F-11D3-BF4B-00C04F79EFBC}") = "TFrac", "..\lab1\TFrac\TFrac.csproj", "{400D8DAB-EE2F-4D23-BF7A-0E0F98B1085C}"
EndProject
Global
	GlobalSection(SolutionConfigurationPlatforms) = preSolution
		Debug|Any CPU = Debug|Any CPU
		Release|Any CPU = Release|Any CPU
	EndGlobalSection
	GlobalSection(ProjectConfigurationPlatforms) = postSolution
		{2CAEC32E-CAA6-4838-8D3D-E1F8110887CC}.Debug|Any CPU.ActiveCfg = Debug|Any CPU
		{2CAEC32E-CAA6-4838-8D3D-E1F8110887CC}.Debug|Any CPU.Build.0 = Debug|Any CPU
		{2CAEC32E-CAA6-4838-8D3D-E1F8110887CC}.Release|Any CPU.ActiveCfg = Release|Any CPU
		{2CAEC32E-CAA6-4838-8D3D-E1F8110887CC}.Release|Any CPU.Build.0 = Release|Any CPU
		{5AE0E616-E979-4B66-B2D7-9E025DC8F1B2}.Debug|Any CPU.ActiveCfg = Debug|Any CPU
		{5AE0E616-E979-4B66-B2D7-9E025DC8F1B2}.Debug|Any CPU.Build.0 = Debug|Any CPU
		{5AE0E616-E979-4B66-B2D7-9E025DC8F1B2}.Release|Any CPU.ActiveCfg = Release|Any CPU
		{5AE0E616-E979-4B66-B2D7-9E025DC8F1B2}.Release|Any CPU.Build.0 = Release|Any CPU
		{400D8DAB-EE2F-4D23-BF7A-0E0F98B1085C}.Debug|Any CPU.ActiveCfg = Debug|Any CPU
		{400D8DAB-EE2F-4D23-BF7A-0E0F98B1085C}.Debug|Any CPU.Build.0 = Debug|Any CPU
		{400D8DAB-EE2F-4D23-BF7A-0E0F98B1085C}.Release|Any CPU.ActiveCfg = Release|Any CPU
		{400D8DAB-EE2F-4D23-BF7A-0E0F98B1085C}.Release|Any CPU.Build.0 = Release|Any CPU
	EndGlobalSection
	GlobalSection(SolutionProperties) = preSolution
		HideSolutionNode = FALSE
	EndGlobalSection
	GlobalSection(ExtensibilityGlobals) = postSolution
		SolutionGuid = {4B6013DC-8357-4B6D-A4BC-082A844B10C3}
	EndGlobalSection
EndGlobal
