
Microsoft Visual Studio Solution File, Format Version 12.00
# Visual Studio Version 16
VisualStudioVersion = 16.0.30711.63
MinimumVisualStudioVersion = 10.0.40219.1
Project("{FAE04EC0-301F-11D3-BF4B-00C04F79EFBC}") = "lab5", "lab5\lab5.csproj", "{B8D913ED-CE6C-4478-A1B9-A1ECCF1D8CE7}"
EndProject
Project("{FAE04EC0-301F-11D3-BF4B-00C04F79EFBC}") = "UnitTestProject", "UnitTestProject\UnitTestProject.csproj", "{EC289CBA-3FC5-4B74-91EA-1848FE09575B}"
EndProject
Global
	GlobalSection(SolutionConfigurationPlatforms) = preSolution
		Debug|Any CPU = Debug|Any CPU
		Release|Any CPU = Release|Any CPU
	EndGlobalSection
	GlobalSection(ProjectConfigurationPlatforms) = postSolution
		{B8D913ED-CE6C-4478-A1B9-A1ECCF1D8CE7}.Debug|Any CPU.ActiveCfg = Debug|Any CPU
		{B8D913ED-CE6C-4478-A1B9-A1ECCF1D8CE7}.Debug|Any CPU.Build.0 = Debug|Any CPU
		{B8D913ED-CE6C-4478-A1B9-A1ECCF1D8CE7}.Release|Any CPU.ActiveCfg = Release|Any CPU
		{B8D913ED-CE6C-4478-A1B9-A1ECCF1D8CE7}.Release|Any CPU.Build.0 = Release|Any CPU
		{EC289CBA-3FC5-4B74-91EA-1848FE09575B}.Debug|Any CPU.ActiveCfg = Debug|Any CPU
		{EC289CBA-3FC5-4B74-91EA-1848FE09575B}.Debug|Any CPU.Build.0 = Debug|Any CPU
		{EC289CBA-3FC5-4B74-91EA-1848FE09575B}.Release|Any CPU.ActiveCfg = Release|Any CPU
		{EC289CBA-3FC5-4B74-91EA-1848FE09575B}.Release|Any CPU.Build.0 = Release|Any CPU
	EndGlobalSection
	GlobalSection(SolutionProperties) = preSolution
		HideSolutionNode = FALSE
	EndGlobalSection
	GlobalSection(ExtensibilityGlobals) = postSolution
		SolutionGuid = {DB3FA47F-419A-4B9D-B302-3DF8B9DC51A3}
	EndGlobalSection
EndGlobal
