
Microsoft Visual Studio Solution File, Format Version 12.00
# Visual Studio Version 16
VisualStudioVersion = 16.0.30711.63
MinimumVisualStudioVersion = 10.0.40219.1
Project("{FAE04EC0-301F-11D3-BF4B-00C04F79EFBC}") = "lab2", "lab2\lab2.csproj", "{3D20EF40-09BE-47C8-B86F-DAF1638C8D9F}"
EndProject
Project("{FAE04EC0-301F-11D3-BF4B-00C04F79EFBC}") = "UnitTestProject", "UnitTestProject\UnitTestProject.csproj", "{EB4187ED-0E96-4496-8690-E49DB96CFB34}"
EndProject
Global
	GlobalSection(SolutionConfigurationPlatforms) = preSolution
		Debug|Any CPU = Debug|Any CPU
		Release|Any CPU = Release|Any CPU
	EndGlobalSection
	GlobalSection(ProjectConfigurationPlatforms) = postSolution
		{3D20EF40-09BE-47C8-B86F-DAF1638C8D9F}.Debug|Any CPU.ActiveCfg = Debug|Any CPU
		{3D20EF40-09BE-47C8-B86F-DAF1638C8D9F}.Debug|Any CPU.Build.0 = Debug|Any CPU
		{3D20EF40-09BE-47C8-B86F-DAF1638C8D9F}.Release|Any CPU.ActiveCfg = Release|Any CPU
		{3D20EF40-09BE-47C8-B86F-DAF1638C8D9F}.Release|Any CPU.Build.0 = Release|Any CPU
		{EB4187ED-0E96-4496-8690-E49DB96CFB34}.Debug|Any CPU.ActiveCfg = Debug|Any CPU
		{EB4187ED-0E96-4496-8690-E49DB96CFB34}.Debug|Any CPU.Build.0 = Debug|Any CPU
		{EB4187ED-0E96-4496-8690-E49DB96CFB34}.Release|Any CPU.ActiveCfg = Release|Any CPU
		{EB4187ED-0E96-4496-8690-E49DB96CFB34}.Release|Any CPU.Build.0 = Release|Any CPU
	EndGlobalSection
	GlobalSection(SolutionProperties) = preSolution
		HideSolutionNode = FALSE
	EndGlobalSection
	GlobalSection(ExtensibilityGlobals) = postSolution
		SolutionGuid = {8E83DE5A-9ADD-4EA1-B20C-4E8322D32DF5}
	EndGlobalSection
EndGlobal
